{
  "name": "flnext-sdd",
  "version": "4.0.1",
  "lockfileVersion": 3,
  "requires": true,
  "packages": {
    "": {
      "name": "flnext-sdd",
      "version": "4.0.1",
      "license": "MIT",
      "bin": {
        "flnext-sdd": "cli.js"
      },
      "engines": {
        "node": ">=16"
      }
    }
  }
}
